// !$*UTF8*$!
{
	archiveVersion = 1;
	classes = {
	};
	objectVersion = 50;
	objects = {

/* Begin PBXBuildFile section */
		5B5439722635CA0700C97C03 /* AppDelegate.swift in Sources */ = {isa = PBXBuildFile; fileRef = 5B5439712635CA0700C97C03 /* AppDelegate.swift */; };
		5B5439742635CA0700C97C03 /* SceneDelegate.swift in Sources */ = {isa = PBXBuildFile; fileRef = 5B5439732635CA0700C97C03 /* SceneDelegate.swift */; };
		5B5439762635CA0700C97C03 /* ViewController.swift in Sources */ = {isa = PBXBuildFile; fileRef = 5B5439752635CA0700C97C03 /* ViewController.swift */; };
		5B5439792635CA0700C97C03 /* Main.storyboard in Resources */ = {isa = PBXBuildFile; fileRef = 5B5439772635CA0700C97C03 /* Main.storyboard */; };
		5B54397B2635CA0900C97C03 /* Assets.xcassets in Resources */ = {isa = PBXBuildFile; fileRef = 5B54397A2635CA0900C97C03 /* Assets.xcassets */; };
		5B54397E2635CA0900C97C03 /* LaunchScreen.storyboard in Resources */ = {isa = PBXBuildFile; fileRef = 5B54397C2635CA0900C97C03 /* LaunchScreen.storyboard */; };
		5B5439892635CA0900C97C03 /* TableViewCellCompatibleWithSubviewGestureTests.swift in Sources */ = {isa = PBXBuildFile; fileRef = 5B5439882635CA0900C97C03 /* TableViewCellCompatibleWithSubviewGestureTests.swift */; };
		5B5439942635CA0900C97C03 /* TableViewCellCompatibleWithSubviewGestureUITests.swift in Sources */ = {isa = PBXBuildFile; fileRef = 5B5439932635CA0900C97C03 /* TableViewCellCompatibleWithSubviewGestureUITests.swift */; };
/* End PBXBuildFile section */

/* Begin PBXContainerItemProxy section */
		5B5439852635CA0900C97C03 /* PBXContainerItemProxy */ = {
			isa = PBXContainerItemProxy;
			containerPortal = 5B5439662635CA0700C97C03 /* Project object */;
			proxyType = 1;
			remoteGlobalIDString = 5B54396D2635CA0700C97C03;
			remoteInfo = TableViewCellCompatibleWithSubviewGesture;
		};
		5B5439902635CA0900C97C03 /* PBXContainerItemProxy */ = {
			isa = PBXContainerItemProxy;
			containerPortal = 5B5439662635CA0700C97C03 /* Project object */;
			proxyType = 1;
			remoteGlobalIDString = 5B54396D2635CA0700C97C03;
			remoteInfo = TableViewCellCompatibleWithSubviewGesture;
		};
/* End PBXContainerItemProxy section */

/* Begin PBXFileReference section */
		5B54396E2635CA0700C97C03 /* TableViewCellCompatibleWithSubviewGesture.app */ = {isa = PBXFileReference; explicitFileType = wrapper.application; includeInIndex = 0; path = TableViewCellCompatibleWithSubviewGesture.app; sourceTree = BUILT_PRODUCTS_DIR; };
		5B5439712635CA0700C97C03 /* AppDelegate.swift */ = {isa = PBXFileReference; lastKnownFileType = sourcecode.swift; path = AppDelegate.swift; sourceTree = "<group>"; };
		5B5439732635CA0700C97C03 /* SceneDelegate.swift */ = {isa = PBXFileReference; lastKnownFileType = sourcecode.swift; path = SceneDelegate.swift; sourceTree = "<group>"; };
		5B5439752635CA0700C97C03 /* ViewController.swift */ = {isa = PBXFileReference; lastKnownFileType = sourcecode.swift; path = ViewController.swift; sourceTree = "<group>"; };
		5B5439782635CA0700C97C03 /* Base */ = {isa = PBXFileReference; lastKnownFileType = file.storyboard; name = Base; path = Base.lproj/Main.storyboard; sourceTree = "<group>"; };
		5B54397A2635CA0900C97C03 /* Assets.xcassets */ = {isa = PBXFileReference; lastKnownFileType = folder.assetcatalog; path = Assets.xcassets; sourceTree = "<group>"; };
		5B54397D2635CA0900C97C03 /* Base */ = {isa = PBXFileReference; lastKnownFileType = file.storyboard; name = Base; path = Base.lproj/LaunchScreen.storyboard; sourceTree = "<group>"; };
		5B54397F2635CA0900C97C03 /* Info.plist */ = {isa = PBXFileReference; lastKnownFileType = text.plist.xml; path = Info.plist; sourceTree = "<group>"; };
		5B5439842635CA0900C97C03 /* TableViewCellCompatibleWithSubviewGestureTests.xctest */ = {isa = PBXFileReference; explicitFileType = wrapper.cfbundle; includeInIndex = 0; path = TableViewCellCompatibleWithSubviewGestureTests.xctest; sourceTree = BUILT_PRODUCTS_DIR; };
		5B5439882635CA0900C97C03 /* TableViewCellCompatibleWithSubviewGestureTests.swift */ = {isa = PBXFileReference; lastKnownFileType = sourcecode.swift; path = TableViewCellCompatibleWithSubviewGestureTests.swift; sourceTree = "<group>"; };
		5B54398A2635CA0900C97C03 /* Info.plist */ = {isa = PBXFileReference; lastKnownFileType = text.plist.xml; path = Info.plist; sourceTree = "<group>"; };
		5B54398F2635CA0900C97C03 /* TableViewCellCompatibleWithSubviewGestureUITests.xctest */ = {isa = PBXFileReference; explicitFileType = wrapper.cfbundle; includeInIndex = 0; path = TableViewCellCompatibleWithSubviewGestureUITests.xctest; sourceTree = BUILT_PRODUCTS_DIR; };
		5B5439932635CA0900C97C03 /* TableViewCellCompatibleWithSubviewGestureUITests.swift */ = {isa = PBXFileReference; lastKnownFileType = sourcecode.swift; path = TableViewCellCompatibleWithSubviewGestureUITests.swift; sourceTree = "<group>"; };
		5B5439952635CA0900C97C03 /* Info.plist */ = {isa = PBXFileReference; lastKnownFileType = text.plist.xml; path = Info.plist; sourceTree = "<group>"; };
/* End PBXFileReference section */

/* Begin PBXFrameworksBuildPhase section */
		5B54396B2635CA0700C97C03 /* Frameworks */ = {
			isa = PBXFrameworksBuildPhase;
			buildActionMask = 2147483647;
			files = (
			);
			runOnlyForDeploymentPostprocessing = 0;
		};
		5B5439812635CA0900C97C03 /* Frameworks */ = {
			isa = PBXFrameworksBuildPhase;
			buildActionMask = 2147483647;
			files = (
			);
			runOnlyForDeploymentPostprocessing = 0;
		};
		5B54398C2635CA0900C97C03 /* Frameworks */ = {
			isa = PBXFrameworksBuildPhase;
			buildActionMask = 2147483647;
			files = (
			);
			runOnlyForDeploymentPostprocessing = 0;
		};
/* End PBXFrameworksBuildPhase section */

/* Begin PBXGroup section */
		5B5439652635CA0700C97C03 = {
			isa = PBXGroup;
			children = (
				5B5439702635CA0700C97C03 /* TableViewCellCompatibleWithSubviewGesture */,
				5B5439872635CA0900C97C03 /* TableViewCellCompatibleWithSubviewGestureTests */,
				5B5439922635CA0900C97C03 /* TableViewCellCompatibleWithSubviewGestureUITests */,
				5B54396F2635CA0700C97C03 /* Products */,
			);
			sourceTree = "<group>";
		};
		5B54396F2635CA0700C97C03 /* Products */ = {
			isa = PBXGroup;
			children = (
				5B54396E2635CA0700C97C03 /* TableViewCellCompatibleWithSubviewGesture.app */,
				5B5439842635CA0900C97C03 /* TableViewCellCompatibleWithSubviewGestureTests.xctest */,
				5B54398F2635CA0900C97C03 /* TableViewCellCompatibleWithSubviewGestureUITests.xctest */,
			);
			name = Products;
			sourceTree = "<group>";
		};
		5B5439702635CA0700C97C03 /* TableViewCellCompatibleWithSubviewGesture */ = {
			isa = PBXGroup;
			children = (
				5B5439712635CA0700C97C03 /* AppDelegate.swift */,
				5B5439732635CA0700C97C03 /* SceneDelegate.swift */,
				5B5439752635CA0700C97C03 /* ViewController.swift */,
				5B5439772635CA0700C97C03 /* Main.storyboard */,
				5B54397A2635CA0900C97C03 /* Assets.xcassets */,
				5B54397C2635CA0900C97C03 /* LaunchScreen.storyboard */,
				5B54397F2635CA0900C97C03 /* Info.plist */,
			);
			path = TableViewCellCompatibleWithSubviewGesture;
			sourceTree = "<group>";
		};
		5B5439872635CA0900C97C03 /* TableViewCellCompatibleWithSubviewGestureTests */ = {
			isa = PBXGroup;
			children = (
				5B5439882635CA0900C97C03 /* TableViewCellCompatibleWithSubviewGestureTests.swift */,
				5B54398A2635CA0900C97C03 /* Info.plist */,
			);
			path = TableViewCellCompatibleWithSubviewGestureTests;
			sourceTree = "<group>";
		};
		5B5439922635CA0900C97C03 /* TableViewCellCompatibleWithSubviewGestureUITests */ = {
			isa = PBXGroup;
			children = (
				5B5439932635CA0900C97C03 /* TableViewCellCompatibleWithSubviewGestureUITests.swift */,
				5B5439952635CA0900C97C03 /* Info.plist */,
			);
			path = TableViewCellCompatibleWithSubviewGestureUITests;
			sourceTree = "<group>";
		};
/* End PBXGroup section */

/* Begin PBXNativeTarget section */
		5B54396D2635CA0700C97C03 /* TableViewCellCompatibleWithSubviewGesture */ = {
			isa = PBXNativeTarget;
			buildConfigurationList = 5B5439982635CA0900C97C03 /* Build configuration list for PBXNativeTarget "TableViewCellCompatibleWithSubviewGesture" */;
			buildPhases = (
				5B54396A2635CA0700C97C03 /* Sources */,
				5B54396B2635CA0700C97C03 /* Frameworks */,
				5B54396C2635CA0700C97C03 /* Resources */,
			);
			buildRules = (
			);
			dependencies = (
			);
			name = TableViewCellCompatibleWithSubviewGesture;
			productName = TableViewCellCompatibleWithSubviewGesture;
			productReference = 5B54396E2635CA0700C97C03 /* TableViewCellCompatibleWithSubviewGesture.app */;
			productType = "com.apple.product-type.application";
		};
		5B5439832635CA0900C97C03 /* TableViewCellCompatibleWithSubviewGestureTests */ = {
			isa = PBXNativeTarget;
			buildConfigurationList = 5B54399B2635CA0900C97C03 /* Build configuration list for PBXNativeTarget "TableViewCellCompatibleWithSubviewGestureTests" */;
			buildPhases = (
				5B5439802635CA0900C97C03 /* Sources */,
				5B5439812635CA0900C97C03 /* Frameworks */,
				5B5439822635CA0900C97C03 /* Resources */,
			);
			buildRules = (
			);
			dependencies = (
				5B5439862635CA0900C97C03 /* PBXTargetDependency */,
			);
			name = TableViewCellCompatibleWithSubviewGestureTests;
			productName = TableViewCellCompatibleWithSubviewGestureTests;
			productReference = 5B5439842635CA0900C97C03 /* TableViewCellCompatibleWithSubviewGestureTests.xctest */;
			productType = "com.apple.product-type.bundle.unit-test";
		};
		5B54398E2635CA0900C97C03 /* TableViewCellCompatibleWithSubviewGestureUITests */ = {
			isa = PBXNativeTarget;
			buildConfigurationList = 5B54399E2635CA0900C97C03 /* Build configuration list for PBXNativeTarget "TableViewCellCompatibleWithSubviewGestureUITests" */;
			buildPhases = (
				5B54398B2635CA0900C97C03 /* Sources */,
				5B54398C2635CA0900C97C03 /* Frameworks */,
				5B54398D2635CA0900C97C03 /* Resources */,
			);
			buildRules = (
			);
			dependencies = (
				5B5439912635CA0900C97C03 /* PBXTargetDependency */,
			);
			name = TableViewCellCompatibleWithSubviewGestureUITests;
			productName = TableViewCellCompatibleWithSubviewGestureUITests;
			productReference = 5B54398F2635CA0900C97C03 /* TableViewCellCompatibleWithSubviewGestureUITests.xctest */;
			productType = "com.apple.product-type.bundle.ui-testing";
		};
/* End PBXNativeTarget section */

/* Begin PBXProject section */
		5B5439662635CA0700C97C03 /* Project object */ = {
			isa = PBXProject;
			attributes = {
				LastSwiftUpdateCheck = 1240;
				LastUpgradeCheck = 1240;
				TargetAttributes = {
					5B54396D2635CA0700C97C03 = {
						CreatedOnToolsVersion = 12.4;
					};
					5B5439832635CA0900C97C03 = {
						CreatedOnToolsVersion = 12.4;
						TestTargetID = 5B54396D2635CA0700C97C03;
					};
					5B54398E2635CA0900C97C03 = {
						CreatedOnToolsVersion = 12.4;
						TestTargetID = 5B54396D2635CA0700C97C03;
					};
				};
			};
			buildConfigurationList = 5B5439692635CA0700C97C03 /* Build configuration list for PBXProject "TableViewCellCompatibleWithSubviewGesture" */;
			compatibilityVersion = "Xcode 9.3";
			developmentRegion = en;
			hasScannedForEncodings = 0;
			knownRegions = (
				en,
				Base,
			);
			mainGroup = 5B5439652635CA0700C97C03;
			productRefGroup = 5B54396F2635CA0700C97C03 /* Products */;
			projectDirPath = "";
			projectRoot = "";
			targets = (
				5B54396D2635CA0700C97C03 /* TableViewCellCompatibleWithSubviewGesture */,
				5B5439832635CA0900C97C03 /* TableViewCellCompatibleWithSubviewGestureTests */,
				5B54398E2635CA0900C97C03 /* TableViewCellCompatibleWithSubviewGestureUITests */,
			);
		};
/* End PBXProject section */

/* Begin PBXResourcesBuildPhase section */
		5B54396C2635CA0700C97C03 /* Resources */ = {
			isa = PBXResourcesBuildPhase;
			buildActionMask = 2147483647;
			files = (
				5B54397E2635CA0900C97C03 /* LaunchScreen.storyboard in Resources */,
				5B54397B2635CA0900C97C03 /* Assets.xcassets in Resources */,
				5B5439792635CA0700C97C03 /* Main.storyboard in Resources */,
			);
			runOnlyForDeploymentPostprocessing = 0;
		};
		5B5439822635CA0900C97C03 /* Resources */ = {
			isa = PBXResourcesBuildPhase;
			buildActionMask = 2147483647;
			files = (
			);
			runOnlyForDeploymentPostprocessing = 0;
		};
		5B54398D2635CA0900C97C03 /* Resources */ = {
			isa = PBXResourcesBuildPhase;
			buildActionMask = 2147483647;
			files = (
			);
			runOnlyForDeploymentPostprocessing = 0;
		};
/* End PBXResourcesBuildPhase section */

/* Begin PBXSourcesBuildPhase section */
		5B54396A2635CA0700C97C03 /* Sources */ = {
			isa = PBXSourcesBuildPhase;
			buildActionMask = 2147483647;
			files = (
				5B5439762635CA0700C97C03 /* ViewController.swift in Sources */,
				5B5439722635CA0700C97C03 /* AppDelegate.swift in Sources */,
				5B5439742635CA0700C97C03 /* SceneDelegate.swift in Sources */,
			);
			runOnlyForDeploymentPostprocessing = 0;
		};
		5B5439802635CA0900C97C03 /* Sources */ = {
			isa = PBXSourcesBuildPhase;
			buildActionMask = 2147483647;
			files = (
				5B5439892635CA0900C97C03 /* TableViewCellCompatibleWithSubviewGestureTests.swift in Sources */,
			);
			runOnlyForDeploymentPostprocessing = 0;
		};
		5B54398B2635CA0900C97C03 /* Sources */ = {
			isa = PBXSourcesBuildPhase;
			buildActionMask = 2147483647;
			files = (
				5B5439942635CA0900C97C03 /* TableViewCellCompatibleWithSubviewGestureUITests.swift in Sources */,
			);
			runOnlyForDeploymentPostprocessing = 0;
		};
/* End PBXSourcesBuildPhase section */

/* Begin PBXTargetDependency section */
		5B5439862635CA0900C97C03 /* PBXTargetDependency */ = {
			isa = PBXTargetDependency;
			target = 5B54396D2635CA0700C97C03 /* TableViewCellCompatibleWithSubviewGesture */;
			targetProxy = 5B5439852635CA0900C97C03 /* PBXContainerItemProxy */;
		};
		5B5439912635CA0900C97C03 /* PBXTargetDependency */ = {
			isa = PBXTargetDependency;
			target = 5B54396D2635CA0700C97C03 /* TableViewCellCompatibleWithSubviewGesture */;
			targetProxy = 5B5439902635CA0900C97C03 /* PBXContainerItemProxy */;
		};
/* End PBXTargetDependency section */

/* Begin PBXVariantGroup section */
		5B5439772635CA0700C97C03 /* Main.storyboard */ = {
			isa = PBXVariantGroup;
			children = (
				5B5439782635CA0700C97C03 /* Base */,
			);
			name = Main.storyboard;
			sourceTree = "<group>";
		};
		5B54397C2635CA0900C97C03 /* LaunchScreen.storyboard */ = {
			isa = PBXVariantGroup;
			children = (
				5B54397D2635CA0900C97C03 /* Base */,
			);
			name = LaunchScreen.storyboard;
			sourceTree = "<group>";
		};
/* End PBXVariantGroup section */

/* Begin XCBuildConfiguration section */
		5B5439962635CA0900C97C03 /* Debug */ = {
			isa = XCBuildConfiguration;
			buildSettings = {
				ALWAYS_SEARCH_USER_PATHS = NO;
				CLANG_ANALYZER_NONNULL = YES;
				CLANG_ANALYZER_NUMBER_OBJECT_CONVERSION = YES_AGGRESSIVE;
				CLANG_CXX_LANGUAGE_STANDARD = "gnu++14";
				CLANG_CXX_LIBRARY = "libc++";
				CLANG_ENABLE_MODULES = YES;
				CLANG_ENABLE_OBJC_ARC = YES;
				CLANG_ENABLE_OBJC_WEAK = YES;
				CLANG_WARN_BLOCK_CAPTURE_AUTORELEASING = YES;
				CLANG_WARN_BOOL_CONVERSION = YES;
				CLANG_WARN_COMMA = YES;
				CLANG_WARN_CONSTANT_CONVERSION = YES;
				CLANG_WARN_DEPRECATED_OBJC_IMPLEMENTATIONS = YES;
				CLANG_WARN_DIRECT_OBJC_ISA_USAGE = YES_ERROR;
				CLANG_WARN_DOCUMENTATION_COMMENTS = YES;
				CLANG_WARN_EMPTY_BODY = YES;
				CLANG_WARN_ENUM_CONVERSION = YES;
				CLANG_WARN_INFINITE_RECURSION = YES;
				CLANG_WARN_INT_CONVERSION = YES;
				CLANG_WARN_NON_LITERAL_NULL_CONVERSION = YES;
				CLANG_WARN_OBJC_IMPLICIT_RETAIN_SELF = YES;
				CLANG_WARN_OBJC_LITERAL_CONVERSION = YES;
				CLANG_WARN_OBJC_ROOT_CLASS = YES_ERROR;
				CLANG_WARN_QUOTED_INCLUDE_IN_FRAMEWORK_HEADER = YES;
				CLANG_WARN_RANGE_LOOP_ANALYSIS = YES;
				CLANG_WARN_STRICT_PROTOTYPES = YES;
				CLANG_WARN_SUSPICIOUS_MOVE = YES;
				CLANG_WARN_UNGUARDED_AVAILABILITY = YES_AGGRESSIVE;
				CLANG_WARN_UNREACHABLE_CODE = YES;
				CLANG_WARN__DUPLICATE_METHOD_MATCH = YES;
				COPY_PHASE_STRIP = NO;
				DEBUG_INFORMATION_FORMAT = dwarf;
				ENABLE_STRICT_OBJC_MSGSEND = YES;
				ENABLE_TESTABILITY = YES;
				GCC_C_LANGUAGE_STANDARD = gnu11;
				GCC_DYNAMIC_NO_PIC = NO;
				GCC_NO_COMMON_BLOCKS = YES;
				GCC_OPTIMIZATION_LEVEL = 0;
				GCC_PREPROCESSOR_DEFINITIONS = (
					"DEBUG=1",
					"$(inherited)",
				);
				GCC_WARN_64_TO_32_BIT_CONVERSION = YES;
				GCC_WARN_ABOUT_RETURN_TYPE = YES_ERROR;
				GCC_WARN_UNDECLARED_SELECTOR = YES;
				GCC_WARN_UNINITIALIZED_AUTOS = YES_AGGRESSIVE;
				GCC_WARN_UNUSED_FUNCTION = YES;
				GCC_WARN_UNUSED_VARIABLE = YES;
				IPHONEOS_DEPLOYMENT_TARGET = 14.4;
				MTL_ENABLE_DEBUG_INFO = INCLUDE_SOURCE;
				MTL_FAST_MATH = YES;
				ONLY_ACTIVE_ARCH = YES;
				SDKROOT = iphoneos;
				SWIFT_ACTIVE_COMPILATION_CONDITIONS = DEBUG;
				SWIFT_OPTIMIZATION_LEVEL = "-Onone";
			};
			name = Debug;
		};
		5B5439972635CA0900C97C03 /* Release */ = {
			isa = XCBuildConfiguration;
			buildSettings = {
				ALWAYS_SEARCH_USER_PATHS = NO;
				CLANG_ANALYZER_NONNULL = YES;
				CLANG_ANALYZER_NUMBER_OBJECT_CONVERSION = YES_AGGRESSIVE;
				CLANG_CXX_LANGUAGE_STANDARD = "gnu++14";
				CLANG_CXX_LIBRARY = "libc++";
				CLANG_ENABLE_MODULES = YES;
				CLANG_ENABLE_OBJC_ARC = YES;
				CLANG_ENABLE_OBJC_WEAK = YES;
				CLANG_WARN_BLOCK_CAPTURE_AUTORELEASING = YES;
				CLANG_WARN_BOOL_CONVERSION = YES;
				CLANG_WARN_COMMA = YES;
				CLANG_WARN_CONSTANT_CONVERSION = YES;
				CLANG_WARN_DEPRECATED_OBJC_IMPLEMENTATIONS = YES;
				CLANG_WARN_DIRECT_OBJC_ISA_USAGE = YES_ERROR;
				CLANG_WARN_DOCUMENTATION_COMMENTS = YES;
				CLANG_WARN_EMPTY_BODY = YES;
				CLANG_WARN_ENUM_CONVERSION = YES;
				CLANG_WARN_INFINITE_RECURSION = YES;
				CLANG_WARN_INT_CONVERSION = YES;
				CLANG_WARN_NON_LITERAL_NULL_CONVERSION = YES;
				CLANG_WARN_OBJC_IMPLICIT_RETAIN_SELF = YES;
				CLANG_WARN_OBJC_LITERAL_CONVERSION = YES;
				CLANG_WARN_OBJC_ROOT_CLASS = YES_ERROR;
				CLANG_WARN_QUOTED_INCLUDE_IN_FRAMEWORK_HEADER = YES;
				CLANG_WARN_RANGE_LOOP_ANALYSIS = YES;
				CLANG_WARN_STRICT_PROTOTYPES = YES;
				CLANG_WARN_SUSPICIOUS_MOVE = YES;
				CLANG_WARN_UNGUARDED_AVAILABILITY = YES_AGGRESSIVE;
				CLANG_WARN_UNREACHABLE_CODE = YES;
				CLANG_WARN__DUPLICATE_METHOD_MATCH = YES;
				COPY_PHASE_STRIP = NO;
				DEBUG_INFORMATION_FORMAT = "dwarf-with-dsym";
				ENABLE_NS_ASSERTIONS = NO;
				ENABLE_STRICT_OBJC_MSGSEND = YES;
				GCC_C_LANGUAGE_STANDARD = gnu11;
				GCC_NO_COMMON_BLOCKS = YES;
				GCC_WARN_64_TO_32_BIT_CONVERSION = YES;
				GCC_WARN_ABOUT_RETURN_TYPE = YES_ERROR;
				GCC_WARN_UNDECLARED_SELECTOR = YES;
				GCC_WARN_UNINITIALIZED_AUTOS = YES_AGGRESSIVE;
				GCC_WARN_UNUSED_FUNCTION = YES;
				GCC_WARN_UNUSED_VARIABLE = YES;
				IPHONEOS_DEPLOYMENT_TARGET = 14.4;
				MTL_ENABLE_DEBUG_INFO = NO;
				MTL_FAST_MATH = YES;
				SDKROOT = iphoneos;
				SWIFT_COMPILATION_MODE = wholemodule;
				SWIFT_OPTIMIZATION_LEVEL = "-O";
				VALIDATE_PRODUCT = YES;
			};
			name = Release;
		};
		5B5439992635CA0900C97C03 /* Debug */ = {
			isa = XCBuildConfiguration;
			buildSettings = {
				ASSETCATALOG_COMPILER_APPICON_NAME = AppIcon;
				ASSETCATALOG_COMPILER_GLOBAL_ACCENT_COLOR_NAME = AccentColor;
				CODE_SIGN_STYLE = Automatic;
				DEVELOPMENT_TEAM = HMB28F9R4H;
				INFOPLIST_FILE = TableViewCellCompatibleWithSubviewGesture/Info.plist;
				LD_RUNPATH_SEARCH_PATHS = (
					"$(inherited)",
					"@executable_path/Frameworks",
				);
				PRODUCT_BUNDLE_IDENTIFIER = woodycode.TableViewCellCompatibleWithSubviewGesture;
				PRODUCT_NAME = "$(TARGET_NAME)";
				SWIFT_VERSION = 5.0;
				TARGETED_DEVICE_FAMILY = "1,2";
			};
			name = Debug;
		};
		5B54399A2635CA0900C97C03 /* Release */ = {
			isa = XCBuildConfiguration;
			buildSettings = {
				ASSETCATALOG_COMPILER_APPICON_NAME = AppIcon;
				ASSETCATALOG_COMPILER_GLOBAL_ACCENT_COLOR_NAME = AccentColor;
				CODE_SIGN_STYLE = Automatic;
				DEVELOPMENT_TEAM = HMB28F9R4H;
				INFOPLIST_FILE = TableViewCellCompatibleWithSubviewGesture/Info.plist;
				LD_RUNPATH_SEARCH_PATHS = (
					"$(inherited)",
					"@executable_path/Frameworks",
				);
				PRODUCT_BUNDLE_IDENTIFIER = woodycode.TableViewCellCompatibleWithSubviewGesture;
				PRODUCT_NAME = "$(TARGET_NAME)";
				SWIFT_VERSION = 5.0;
				TARGETED_DEVICE_FAMILY = "1,2";
			};
			name = Release;
		};
		5B54399C2635CA0900C97C03 /* Debug */ = {
			isa = XCBuildConfiguration;
			buildSettings = {
				ALWAYS_EMBED_SWIFT_STANDARD_LIBRARIES = YES;
				BUNDLE_LOADER = "$(TEST_HOST)";
				CODE_SIGN_STYLE = Automatic;
				DEVELOPMENT_TEAM = HMB28F9R4H;
				INFOPLIST_FILE = TableViewCellCompatibleWithSubviewGestureTests/Info.plist;
				IPHONEOS_DEPLOYMENT_TARGET = 14.4;
				LD_RUNPATH_SEARCH_PATHS = (
					"$(inherited)",
					"@executable_path/Frameworks",
					"@loader_path/Frameworks",
				);
				PRODUCT_BUNDLE_IDENTIFIER = woodycode.TableViewCellCompatibleWithSubviewGestureTests;
				PRODUCT_NAME = "$(TARGET_NAME)";
				SWIFT_VERSION = 5.0;
				TARGETED_DEVICE_FAMILY = "1,2";
				TEST_HOST = "$(BUILT_PRODUCTS_DIR)/TableViewCellCompatibleWithSubviewGesture.app/TableViewCellCompatibleWithSubviewGesture";
			};
			name = Debug;
		};
		5B54399D2635CA0900C97C03 /* Release */ = {
			isa = XCBuildConfiguration;
			buildSettings = {
				ALWAYS_EMBED_SWIFT_STANDARD_LIBRARIES = YES;
				BUNDLE_LOADER = "$(TEST_HOST)";
				CODE_SIGN_STYLE = Automatic;
				DEVELOPMENT_TEAM = HMB28F9R4H;
				INFOPLIST_FILE = TableViewCellCompatibleWithSubviewGestureTests/Info.plist;
				IPHONEOS_DEPLOYMENT_TARGET = 14.4;
				LD_RUNPATH_SEARCH_PATHS = (
					"$(inherited)",
					"@executable_path/Frameworks",
					"@loader_path/Frameworks",
				);
				PRODUCT_BUNDLE_IDENTIFIER = woodycode.TableViewCellCompatibleWithSubviewGestureTests;
				PRODUCT_NAME = "$(TARGET_NAME)";
				SWIFT_VERSION = 5.0;
				TARGETED_DEVICE_FAMILY = "1,2";
				TEST_HOST = "$(BUILT_PRODUCTS_DIR)/TableViewCellCompatibleWithSubviewGesture.app/TableViewCellCompatibleWithSubviewGesture";
			};
			name = Release;
		};
		5B54399F2635CA0900C97C03 /* Debug */ = {
			isa = XCBuildConfiguration;
			buildSettings = {
				ALWAYS_EMBED_SWIFT_STANDARD_LIBRARIES = YES;
				CODE_SIGN_STYLE = Automatic;
				DEVELOPMENT_TEAM = HMB28F9R4H;
				INFOPLIST_FILE = TableViewCellCompatibleWithSubviewGestureUITests/Info.plist;
				LD_RUNPATH_SEARCH_PATHS = (
					"$(inherited)",
					"@executable_path/Frameworks",
					"@loader_path/Frameworks",
				);
				PRODUCT_BUNDLE_IDENTIFIER = woodycode.TableViewCellCompatibleWithSubviewGestureUITests;
				PRODUCT_NAME = "$(TARGET_NAME)";
				SWIFT_VERSION = 5.0;
				TARGETED_DEVICE_FAMILY = "1,2";
				TEST_TARGET_NAME = TableViewCellCompatibleWithSubviewGesture;
			};
			name = Debug;
		};
		5B5439A02635CA0900C97C03 /* Release */ = {
			isa = XCBuildConfiguration;
			buildSettings = {
				ALWAYS_EMBED_SWIFT_STANDARD_LIBRARIES = YES;
				CODE_SIGN_STYLE = Automatic;
				DEVELOPMENT_TEAM = HMB28F9R4H;
				INFOPLIST_FILE = TableViewCellCompatibleWithSubviewGestureUITests/Info.plist;
				LD_RUNPATH_SEARCH_PATHS = (
					"$(inherited)",
					"@executable_path/Frameworks",
					"@loader_path/Frameworks",
				);
				PRODUCT_BUNDLE_IDENTIFIER = woodycode.TableViewCellCompatibleWithSubviewGestureUITests;
				PRODUCT_NAME = "$(TARGET_NAME)";
				SWIFT_VERSION = 5.0;
				TARGETED_DEVICE_FAMILY = "1,2";
				TEST_TARGET_NAME = TableViewCellCompatibleWithSubviewGesture;
			};
			name = Release;
		};
/* End XCBuildConfiguration section */

/* Begin XCConfigurationList section */
		5B5439692635CA0700C97C03 /* Build configuration list for PBXProject "TableViewCellCompatibleWithSubviewGesture" */ = {
			isa = XCConfigurationList;
			buildConfigurations = (
				5B5439962635CA0900C97C03 /* Debug */,
				5B5439972635CA0900C97C03 /* Release */,
			);
			defaultConfigurationIsVisible = 0;
			defaultConfigurationName = Release;
		};
		5B5439982635CA0900C97C03 /* Build configuration list for PBXNativeTarget "TableViewCellCompatibleWithSubviewGesture" */ = {
			isa = XCConfigurationList;
			buildConfigurations = (
				5B5439992635CA0900C97C03 /* Debug */,
				5B54399A2635CA0900C97C03 /* Release */,
			);
			defaultConfigurationIsVisible = 0;
			defaultConfigurationName = Release;
		};
		5B54399B2635CA0900C97C03 /* Build configuration list for PBXNativeTarget "TableViewCellCompatibleWithSubviewGestureTests" */ = {
			isa = XCConfigurationList;
			buildConfigurations = (
				5B54399C2635CA0900C97C03 /* Debug */,
				5B54399D2635CA0900C97C03 /* Release */,
			);
			defaultConfigurationIsVisible = 0;
			defaultConfigurationName = Release;
		};
		5B54399E2635CA0900C97C03 /* Build configuration list for PBXNativeTarget "TableViewCellCompatibleWithSubviewGestureUITests" */ = {
			isa = XCConfigurationList;
			buildConfigurations = (
				5B54399F2635CA0900C97C03 /* Debug */,
				5B5439A02635CA0900C97C03 /* Release */,
			);
			defaultConfigurationIsVisible = 0;
			defaultConfigurationName = Release;
		};
/* End XCConfigurationList section */
	};
	rootObject = 5B5439662635CA0700C97C03 /* Project object */;
}
